
Microsoft Visual Studio Solution File, Format Version 12.00
# Visual Studio Version 17
VisualStudioVersion = 17.5.002.0
MinimumVisualStudioVersion = 10.0.40219.1
Project("{9A19103F-16F7-4668-BE54-9A1E7A4F7556}") = "practica6-jccastillop", "practica6-jccastillop.csproj", "{3096F25F-6008-4083-A2C6-4C852A26B9A4}"
EndProject
Global
	GlobalSection(SolutionConfigurationPlatforms) = preSolution
		Debug|Any CPU = Debug|Any CPU
		Release|Any CPU = Release|Any CPU
	EndGlobalSection
	GlobalSection(ProjectConfigurationPlatforms) = postSolution
		{3096F25F-6008-4083-A2C6-4C852A26B9A4}.Debug|Any CPU.ActiveCfg = Debug|Any CPU
		{3096F25F-6008-4083-A2C6-4C852A26B9A4}.Debug|Any CPU.Build.0 = Debug|Any CPU
		{3096F25F-6008-4083-A2C6-4C852A26B9A4}.Release|Any CPU.ActiveCfg = Release|Any CPU
		{3096F25F-6008-4083-A2C6-4C852A26B9A4}.Release|Any CPU.Build.0 = Release|Any CPU
	EndGlobalSection
	GlobalSection(SolutionProperties) = preSolution
		HideSolutionNode = FALSE
	EndGlobalSection
	GlobalSection(ExtensibilityGlobals) = postSolution
		SolutionGuid = {C15FEAF9-417C-4E76-A955-475067A2F446}
	EndGlobalSection
EndGlobal
